
Microsoft Visual Studio Solution File, Format Version 12.00
# Visual Studio Version 17
VisualStudioVersion = 17.13.35825.156 d17.13
MinimumVisualStudioVersion = 10.0.40219.1
Project("{FAE04EC0-301F-11D3-BF4B-00C04F79EFBC}") = "APITemperatura", "APITemperatura\APITemperatura.csproj", "{B1DF60C4-4B8B-49BD-99EA-6F6064A2CBC1}"
EndProject
Global
	GlobalSection(SolutionConfigurationPlatforms) = preSolution
		Debug|Any CPU = Debug|Any CPU
		Release|Any CPU = Release|Any CPU
	EndGlobalSection
	GlobalSection(ProjectConfigurationPlatforms) = postSolution
		{B1DF60C4-4B8B-49BD-99EA-6F6064A2CBC1}.Debug|Any CPU.ActiveCfg = Debug|Any CPU
		{B1DF60C4-4B8B-49BD-99EA-6F6064A2CBC1}.Debug|Any CPU.Build.0 = Debug|Any CPU
		{B1DF60C4-4B8B-49BD-99EA-6F6064A2CBC1}.Release|Any CPU.ActiveCfg = Release|Any CPU
		{B1DF60C4-4B8B-49BD-99EA-6F6064A2CBC1}.Release|Any CPU.Build.0 = Release|Any CPU
	EndGlobalSection
	GlobalSection(SolutionProperties) = preSolution
		HideSolutionNode = FALSE
	EndGlobalSection
	GlobalSection(ExtensibilityGlobals) = postSolution
		SolutionGuid = {80EB2FF1-CD11-445C-ABE6-60BEA5AB3AC6}
	EndGlobalSection
EndGlobal
